
Microsoft Visual Studio Solution File, Format Version 12.00
# Visual Studio Version 17
VisualStudioVersion = 17.8.34408.163
MinimumVisualStudioVersion = 10.0.40219.1
Project("{9A19103F-16F7-4668-BE54-9A1E7A4F7556}") = "WeatherDataMongo.Api", "WeatherDataMongo.Api\WeatherDataMongo.Api.csproj", "{040C6336-F9F5-42DC-A508-C2DD5D2AD433}"
EndProject
Project("{FAE04EC0-301F-11D3-BF4B-00C04F79EFBC}") = "WeatherDataMongo.Data", "WeatherDataMongo.Data\WeatherDataMongo.Data.csproj", "{87A2729D-567E-4C20-B89F-612FC908E269}"
EndProject
Global
	GlobalSection(SolutionConfigurationPlatforms) = preSolution
		Debug|Any CPU = Debug|Any CPU
		Release|Any CPU = Release|Any CPU
	EndGlobalSection
	GlobalSection(ProjectConfigurationPlatforms) = postSolution
		{040C6336-F9F5-42DC-A508-C2DD5D2AD433}.Debug|Any CPU.ActiveCfg = Debug|Any CPU
		{040C6336-F9F5-42DC-A508-C2DD5D2AD433}.Debug|Any CPU.Build.0 = Debug|Any CPU
		{040C6336-F9F5-42DC-A508-C2DD5D2AD433}.Release|Any CPU.ActiveCfg = Release|Any CPU
		{040C6336-F9F5-42DC-A508-C2DD5D2AD433}.Release|Any CPU.Build.0 = Release|Any CPU
		{87A2729D-567E-4C20-B89F-612FC908E269}.Debug|Any CPU.ActiveCfg = Debug|Any CPU
		{87A2729D-567E-4C20-B89F-612FC908E269}.Debug|Any CPU.Build.0 = Debug|Any CPU
		{87A2729D-567E-4C20-B89F-612FC908E269}.Release|Any CPU.ActiveCfg = Release|Any CPU
		{87A2729D-567E-4C20-B89F-612FC908E269}.Release|Any CPU.Build.0 = Release|Any CPU
	EndGlobalSection
	GlobalSection(SolutionProperties) = preSolution
		HideSolutionNode = FALSE
	EndGlobalSection
	GlobalSection(ExtensibilityGlobals) = postSolution
		SolutionGuid = {7BCBD35E-1354-4344-AEB2-5760E29C2F4C}
	EndGlobalSection
EndGlobal
